// !$*UTF8*$!
{
	archiveVersion = 1;
	classes = {
	};
	objectVersion = 46;
	objects = {

/* Begin PBXBuildFile section */
		43E1D9161BFB358C00091F4C /* AppDelegate.swift in Sources */ = {isa = PBXBuildFile; fileRef = 43E1D9151BFB358C00091F4C /* AppDelegate.swift */; };
		43E1D9181BFB358C00091F4C /* RecordSoundsViewController.swift in Sources */ = {isa = PBXBuildFile; fileRef = 43E1D9171BFB358C00091F4C /* RecordSoundsViewController.swift */; };
		43E1D91B1BFB358C00091F4C /* Main.storyboard in Resources */ = {isa = PBXBuildFile; fileRef = 43E1D9191BFB358C00091F4C /* Main.storyboard */; };
		43E1D91D1BFB358C00091F4C /* Assets.xcassets in Resources */ = {isa = PBXBuildFile; fileRef = 43E1D91C1BFB358C00091F4C /* Assets.xcassets */; };
		43E1D9201BFB358C00091F4C /* LaunchScreen.storyboard in Resources */ = {isa = PBXBuildFile; fileRef = 43E1D91E1BFB358C00091F4C /* LaunchScreen.storyboard */; };
		43E1D9281BFC7B3B00091F4C /* PlaySoundsViewController.swift in Sources */ = {isa = PBXBuildFile; fileRef = 43E1D9271BFC7B3B00091F4C /* PlaySoundsViewController.swift */; };
		43E1D92C1BFF040D00091F4C /* movie_quote.mp3 in Resources */ = {isa = PBXBuildFile; fileRef = 43E1D92B1BFF040D00091F4C /* movie_quote.mp3 */; };
		43E1D92F1C08134600091F4C /* RecordedAudio.swift in Sources */ = {isa = PBXBuildFile; fileRef = 43E1D92E1C08134600091F4C /* RecordedAudio.swift */; };
/* End PBXBuildFile section */

/* Begin PBXFileReference section */
		43E1D9121BFB358C00091F4C /* Pitch perfect nadee.app */ = {isa = PBXFileReference; explicitFileType = wrapper.application; includeInIndex = 0; path = "Pitch perfect nadee.app"; sourceTree = BUILT_PRODUCTS_DIR; };
		43E1D9151BFB358C00091F4C /* AppDelegate.swift */ = {isa = PBXFileReference; lastKnownFileType = sourcecode.swift; path = AppDelegate.swift; sourceTree = "<group>"; };
		43E1D9171BFB358C00091F4C /* RecordSoundsViewController.swift */ = {isa = PBXFileReference; lastKnownFileType = sourcecode.swift; path = RecordSoundsViewController.swift; sourceTree = "<group>"; };
		43E1D91A1BFB358C00091F4C /* Base */ = {isa = PBXFileReference; lastKnownFileType = file.storyboard; name = Base; path = Base.lproj/Main.storyboard; sourceTree = "<group>"; };
		43E1D91C1BFB358C00091F4C /* Assets.xcassets */ = {isa = PBXFileReference; lastKnownFileType = folder.assetcatalog; path = Assets.xcassets; sourceTree = "<group>"; };
		43E1D91F1BFB358C00091F4C /* Base */ = {isa = PBXFileReference; lastKnownFileType = file.storyboard; name = Base; path = Base.lproj/LaunchScreen.storyboard; sourceTree = "<group>"; };
		43E1D9211BFB358C00091F4C /* Info.plist */ = {isa = PBXFileReference; lastKnownFileType = text.plist.xml; path = Info.plist; sourceTree = "<group>"; };
		43E1D9271BFC7B3B00091F4C /* PlaySoundsViewController.swift */ = {isa = PBXFileReference; fileEncoding = 4; lastKnownFileType = sourcecode.swift; path = PlaySoundsViewController.swift; sourceTree = "<group>"; };
		43E1D92B1BFF040D00091F4C /* movie_quote.mp3 */ = {isa = PBXFileReference; lastKnownFileType = audio.mp3; name = movie_quote.mp3; path = ../movie_quote.mp3; sourceTree = "<group>"; };
		43E1D92E1C08134600091F4C /* RecordedAudio.swift */ = {isa = PBXFileReference; fileEncoding = 4; lastKnownFileType = sourcecode.swift; path = RecordedAudio.swift; sourceTree = "<group>"; };
/* End PBXFileReference section */

/* Begin PBXFrameworksBuildPhase section */
		43E1D90F1BFB358C00091F4C /* Frameworks */ = {
			isa = PBXFrameworksBuildPhase;
			buildActionMask = 2147483647;
			files = (
			);
			runOnlyForDeploymentPostprocessing = 0;
		};
/* End PBXFrameworksBuildPhase section */

/* Begin PBXGroup section */
		43E1D9091BFB358C00091F4C = {
			isa = PBXGroup;
			children = (
				43E1D9141BFB358C00091F4C /* Pitch perfect nadee */,
				43E1D9131BFB358C00091F4C /* Products */,
			);
			sourceTree = "<group>";
		};
		43E1D9131BFB358C00091F4C /* Products */ = {
			isa = PBXGroup;
			children = (
				43E1D9121BFB358C00091F4C /* Pitch perfect nadee.app */,
			);
			name = Products;
			sourceTree = "<group>";
		};
		43E1D9141BFB358C00091F4C /* Pitch perfect nadee */ = {
			isa = PBXGroup;
			children = (
				43E1D92D1BFF042200091F4C /* Supporting Files */,
				43E1D9151BFB358C00091F4C /* AppDelegate.swift */,
				43E1D9171BFB358C00091F4C /* RecordSoundsViewController.swift */,
				43E1D92E1C08134600091F4C /* RecordedAudio.swift */,
				43E1D9191BFB358C00091F4C /* Main.storyboard */,
				43E1D9271BFC7B3B00091F4C /* PlaySoundsViewController.swift */,
				43E1D91C1BFB358C00091F4C /* Assets.xcassets */,
				43E1D91E1BFB358C00091F4C /* LaunchScreen.storyboard */,
				43E1D9211BFB358C00091F4C /* Info.plist */,
			);
			path = "Pitch perfect nadee";
			sourceTree = "<group>";
		};
		43E1D92D1BFF042200091F4C /* Supporting Files */ = {
			isa = PBXGroup;
			children = (
				43E1D92B1BFF040D00091F4C /* movie_quote.mp3 */,
			);
			name = "Supporting Files";
			sourceTree = "<group>";
		};
/* End PBXGroup section */

/* Begin PBXNativeTarget section */
		43E1D9111BFB358C00091F4C /* Pitch perfect nadee */ = {
			isa = PBXNativeTarget;
			buildConfigurationList = 43E1D9241BFB358C00091F4C /* Build configuration list for PBXNativeTarget "Pitch perfect nadee" */;
			buildPhases = (
				43E1D90E1BFB358C00091F4C /* Sources */,
				43E1D90F1BFB358C00091F4C /* Frameworks */,
				43E1D9101BFB358C00091F4C /* Resources */,
			);
			buildRules = (
			);
			dependencies = (
			);
			name = "Pitch perfect nadee";
			productName = "Pitch perfect nadee";
			productReference = 43E1D9121BFB358C00091F4C /* Pitch perfect nadee.app */;
			productType = "com.apple.product-type.application";
		};
/* End PBXNativeTarget section */

/* Begin PBXProject section */
		43E1D90A1BFB358C00091F4C /* Project object */ = {
			isa = PBXProject;
			attributes = {
				LastSwiftUpdateCheck = 0710;
				LastUpgradeCheck = 0710;
				ORGANIZATIONNAME = "Nadee Anuththara";
				TargetAttributes = {
					43E1D9111BFB358C00091F4C = {
						CreatedOnToolsVersion = 7.1.1;
					};
				};
			};
			buildConfigurationList = 43E1D90D1BFB358C00091F4C /* Build configuration list for PBXProject "Pitch perfect nadee" */;
			compatibilityVersion = "Xcode 3.2";
			developmentRegion = English;
			hasScannedForEncodings = 0;
			knownRegions = (
				en,
				Base,
			);
			mainGroup = 43E1D9091BFB358C00091F4C;
			productRefGroup = 43E1D9131BFB358C00091F4C /* Products */;
			projectDirPath = "";
			projectRoot = "";
			targets = (
				43E1D9111BFB358C00091F4C /* Pitch perfect nadee */,
			);
		};
/* End PBXProject section */

/* Begin PBXResourcesBuildPhase section */
		43E1D9101BFB358C00091F4C /* Resources */ = {
			isa = PBXResourcesBuildPhase;
			buildActionMask = 2147483647;
			files = (
				43E1D9201BFB358C00091F4C /* LaunchScreen.storyboard in Resources */,
				43E1D91D1BFB358C00091F4C /* Assets.xcassets in Resources */,
				43E1D92C1BFF040D00091F4C /* movie_quote.mp3 in Resources */,
				43E1D91B1BFB358C00091F4C /* Main.storyboard in Resources */,
			);
			runOnlyForDeploymentPostprocessing = 0;
		};
/* End PBXResourcesBuildPhase section */

/* Begin PBXSourcesBuildPhase section */
		43E1D90E1BFB358C00091F4C /* Sources */ = {
			isa = PBXSourcesBuildPhase;
			buildActionMask = 2147483647;
			files = (
				43E1D92F1C08134600091F4C /* RecordedAudio.swift in Sources */,
				43E1D9181BFB358C00091F4C /* RecordSoundsViewController.swift in Sources */,
				43E1D9281BFC7B3B00091F4C /* PlaySoundsViewController.swift in Sources */,
				43E1D9161BFB358C00091F4C /* AppDelegate.swift in Sources */,
			);
			runOnlyForDeploymentPostprocessing = 0;
		};
/* End PBXSourcesBuildPhase section */

/* Begin PBXVariantGroup section */
		43E1D9191BFB358C00091F4C /* Main.storyboard */ = {
			isa = PBXVariantGroup;
			children = (
				43E1D91A1BFB358C00091F4C /* Base */,
			);
			name = Main.storyboard;
			sourceTree = "<group>";
		};
		43E1D91E1BFB358C00091F4C /* LaunchScreen.storyboard */ = {
			isa = PBXVariantGroup;
			children = (
				43E1D91F1BFB358C00091F4C /* Base */,
			);
			name = LaunchScreen.storyboard;
			sourceTree = "<group>";
		};
/* End PBXVariantGroup section */

/* Begin XCBuildConfiguration section */
		43E1D9221BFB358C00091F4C /* Debug */ = {
			isa = XCBuildConfiguration;
			buildSettings = {
				ALWAYS_SEARCH_USER_PATHS = NO;
				CLANG_CXX_LANGUAGE_STANDARD = "gnu++0x";
				CLANG_CXX_LIBRARY = "libc++";
				CLANG_ENABLE_MODULES = YES;
				CLANG_ENABLE_OBJC_ARC = YES;
				CLANG_WARN_BOOL_CONVERSION = YES;
				CLANG_WARN_CONSTANT_CONVERSION = YES;
				CLANG_WARN_DIRECT_OBJC_ISA_USAGE = YES_ERROR;
				CLANG_WARN_EMPTY_BODY = YES;
				CLANG_WARN_ENUM_CONVERSION = YES;
				CLANG_WARN_INT_CONVERSION = YES;
				CLANG_WARN_OBJC_ROOT_CLASS = YES_ERROR;
				CLANG_WARN_UNREACHABLE_CODE = YES;
				CLANG_WARN__DUPLICATE_METHOD_MATCH = YES;
				"CODE_SIGN_IDENTITY[sdk=iphoneos*]" = "iPhone Developer";
				COPY_PHASE_STRIP = NO;
				DEBUG_INFORMATION_FORMAT = dwarf;
				ENABLE_STRICT_OBJC_MSGSEND = YES;
				ENABLE_TESTABILITY = YES;
				GCC_C_LANGUAGE_STANDARD = gnu99;
				GCC_DYNAMIC_NO_PIC = NO;
				GCC_NO_COMMON_BLOCKS = YES;
				GCC_OPTIMIZATION_LEVEL = 0;
				GCC_PREPROCESSOR_DEFINITIONS = (
					"DEBUG=1",
					"$(inherited)",
				);
				GCC_WARN_64_TO_32_BIT_CONVERSION = YES;
				GCC_WARN_ABOUT_RETURN_TYPE = YES_ERROR;
				GCC_WARN_UNDECLARED_SELECTOR = YES;
				GCC_WARN_UNINITIALIZED_AUTOS = YES_AGGRESSIVE;
				GCC_WARN_UNUSED_FUNCTION = YES;
				GCC_WARN_UNUSED_VARIABLE = YES;
				IPHONEOS_DEPLOYMENT_TARGET = 9.1;
				MTL_ENABLE_DEBUG_INFO = YES;
				ONLY_ACTIVE_ARCH = YES;
				SDKROOT = iphoneos;
				SWIFT_OPTIMIZATION_LEVEL = "-Onone";
			};
			name = Debug;
		};
		43E1D9231BFB358C00091F4C /* Release */ = {
			isa = XCBuildConfiguration;
			buildSettings = {
				ALWAYS_SEARCH_USER_PATHS = NO;
				CLANG_CXX_LANGUAGE_STANDARD = "gnu++0x";
				CLANG_CXX_LIBRARY = "libc++";
				CLANG_ENABLE_MODULES = YES;
				CLANG_ENABLE_OBJC_ARC = YES;
				CLANG_WARN_BOOL_CONVERSION = YES;
				CLANG_WARN_CONSTANT_CONVERSION = YES;
				CLANG_WARN_DIRECT_OBJC_ISA_USAGE = YES_ERROR;
				CLANG_WARN_EMPTY_BODY = YES;
				CLANG_WARN_ENUM_CONVERSION = YES;
				CLANG_WARN_INT_CONVERSION = YES;
				CLANG_WARN_OBJC_ROOT_CLASS = YES_ERROR;
				CLANG_WARN_UNREACHABLE_CODE = YES;
				CLANG_WARN__DUPLICATE_METHOD_MATCH = YES;
				"CODE_SIGN_IDENTITY[sdk=iphoneos*]" = "iPhone Developer";
				COPY_PHASE_STRIP = NO;
				DEBUG_INFORMATION_FORMAT = "dwarf-with-dsym";
				ENABLE_NS_ASSERTIONS = NO;
				ENABLE_STRICT_OBJC_MSGSEND = YES;
				GCC_C_LANGUAGE_STANDARD = gnu99;
				GCC_NO_COMMON_BLOCKS = YES;
				GCC_WARN_64_TO_32_BIT_CONVERSION = YES;
				GCC_WARN_ABOUT_RETURN_TYPE = YES_ERROR;
				GCC_WARN_UNDECLARED_SELECTOR = YES;
				GCC_WARN_UNINITIALIZED_AUTOS = YES_AGGRESSIVE;
				GCC_WARN_UNUSED_FUNCTION = YES;
				GCC_WARN_UNUSED_VARIABLE = YES;
				IPHONEOS_DEPLOYMENT_TARGET = 9.1;
				MTL_ENABLE_DEBUG_INFO = NO;
				SDKROOT = iphoneos;
				VALIDATE_PRODUCT = YES;
			};
			name = Release;
		};
		43E1D9251BFB358C00091F4C /* Debug */ = {
			isa = XCBuildConfiguration;
			buildSettings = {
				ASSETCATALOG_COMPILER_APPICON_NAME = AppIcon;
				INFOPLIST_FILE = "Pitch perfect nadee/Info.plist";
				LD_RUNPATH_SEARCH_PATHS = "$(inherited) @executable_path/Frameworks";
				PRODUCT_BUNDLE_IDENTIFIER = "io.kadira.Pitch-perfect-nadee";
				PRODUCT_NAME = "$(TARGET_NAME)";
			};
			name = Debug;
		};
		43E1D9261BFB358C00091F4C /* Release */ = {
			isa = XCBuildConfiguration;
			buildSettings = {
				ASSETCATALOG_COMPILER_APPICON_NAME = AppIcon;
				INFOPLIST_FILE = "Pitch perfect nadee/Info.plist";
				LD_RUNPATH_SEARCH_PATHS = "$(inherited) @executable_path/Frameworks";
				PRODUCT_BUNDLE_IDENTIFIER = "io.kadira.Pitch-perfect-nadee";
				PRODUCT_NAME = "$(TARGET_NAME)";
			};
			name = Release;
		};
/* End XCBuildConfiguration section */

/* Begin XCConfigurationList section */
		43E1D90D1BFB358C00091F4C /* Build configuration list for PBXProject "Pitch perfect nadee" */ = {
			isa = XCConfigurationList;
			buildConfigurations = (
				43E1D9221BFB358C00091F4C /* Debug */,
				43E1D9231BFB358C00091F4C /* Release */,
			);
			defaultConfigurationIsVisible = 0;
			defaultConfigurationName = Release;
		};
		43E1D9241BFB358C00091F4C /* Build configuration list for PBXNativeTarget "Pitch perfect nadee" */ = {
			isa = XCConfigurationList;
			buildConfigurations = (
				43E1D9251BFB358C00091F4C /* Debug */,
				43E1D9261BFB358C00091F4C /* Release */,
			);
			defaultConfigurationIsVisible = 0;
			defaultConfigurationName = Release;
		};
/* End XCConfigurationList section */
	};
	rootObject = 43E1D90A1BFB358C00091F4C /* Project object */;
}
